// !$*UTF8*$!
{
	archiveVersion = 1;
	classes = {
	};
	objectVersion = 50;
	objects = {

/* Begin PBXBuildFile section */
		582137EC8A398A454862A6A3 /* Pods_StattisticPostProject.framework in Frameworks */ = {isa = PBXBuildFile; fileRef = 19F92D52424899826D1B3914 /* Pods_StattisticPostProject.framework */; };
		7E01119721F8BA7A008708B4 /* ViewExtension.swift in Sources */ = {isa = PBXBuildFile; fileRef = 7E01119621F8BA7A008708B4 /* ViewExtension.swift */; };
		7E01119921F8F5F6008708B4 /* CollectionCell.swift in Sources */ = {isa = PBXBuildFile; fileRef = 7E01119821F8F5F6008708B4 /* CollectionCell.swift */; };
		7E01119B21F8F699008708B4 /* Human.swift in Sources */ = {isa = PBXBuildFile; fileRef = 7E01119A21F8F699008708B4 /* Human.swift */; };
		7E055B3721F886320091E3CF /* AppDelegate.swift in Sources */ = {isa = PBXBuildFile; fileRef = 7E055B3621F886320091E3CF /* AppDelegate.swift */; };
		7E055B3921F886320091E3CF /* MainViewController.swift in Sources */ = {isa = PBXBuildFile; fileRef = 7E055B3821F886320091E3CF /* MainViewController.swift */; };
		7E055B3C21F886320091E3CF /* Main.storyboard in Resources */ = {isa = PBXBuildFile; fileRef = 7E055B3A21F886320091E3CF /* Main.storyboard */; };
		7E055B3E21F886350091E3CF /* Assets.xcassets in Resources */ = {isa = PBXBuildFile; fileRef = 7E055B3D21F886350091E3CF /* Assets.xcassets */; };
		7E055B4121F886350091E3CF /* LaunchScreen.storyboard in Resources */ = {isa = PBXBuildFile; fileRef = 7E055B3F21F886350091E3CF /* LaunchScreen.storyboard */; };
		7E055B4921F8896E0091E3CF /* ColorExtension.swift in Sources */ = {isa = PBXBuildFile; fileRef = 7E055B4821F8896E0091E3CF /* ColorExtension.swift */; };
		7E055B4B21F88B050091E3CF /* Constants.swift in Sources */ = {isa = PBXBuildFile; fileRef = 7E055B4A21F88B050091E3CF /* Constants.swift */; };
/* End PBXBuildFile section */

/* Begin PBXFileReference section */
		19F92D52424899826D1B3914 /* Pods_StattisticPostProject.framework */ = {isa = PBXFileReference; explicitFileType = wrapper.framework; includeInIndex = 0; path = Pods_StattisticPostProject.framework; sourceTree = BUILT_PRODUCTS_DIR; };
		69F002AE859D2FF00031183A /* Pods-StattisticPostProject.debug.xcconfig */ = {isa = PBXFileReference; includeInIndex = 1; lastKnownFileType = text.xcconfig; name = "Pods-StattisticPostProject.debug.xcconfig"; path = "Pods/Target Support Files/Pods-StattisticPostProject/Pods-StattisticPostProject.debug.xcconfig"; sourceTree = "<group>"; };
		7E01119621F8BA7A008708B4 /* ViewExtension.swift */ = {isa = PBXFileReference; lastKnownFileType = sourcecode.swift; path = ViewExtension.swift; sourceTree = "<group>"; };
		7E01119821F8F5F6008708B4 /* CollectionCell.swift */ = {isa = PBXFileReference; lastKnownFileType = sourcecode.swift; path = CollectionCell.swift; sourceTree = "<group>"; };
		7E01119A21F8F699008708B4 /* Human.swift */ = {isa = PBXFileReference; lastKnownFileType = sourcecode.swift; path = Human.swift; sourceTree = "<group>"; };
		7E055B3321F886320091E3CF /* StattisticPostProject.app */ = {isa = PBXFileReference; explicitFileType = wrapper.application; includeInIndex = 0; path = StattisticPostProject.app; sourceTree = BUILT_PRODUCTS_DIR; };
		7E055B3621F886320091E3CF /* AppDelegate.swift */ = {isa = PBXFileReference; lastKnownFileType = sourcecode.swift; path = AppDelegate.swift; sourceTree = "<group>"; };
		7E055B3821F886320091E3CF /* MainViewController.swift */ = {isa = PBXFileReference; lastKnownFileType = sourcecode.swift; path = MainViewController.swift; sourceTree = "<group>"; };
		7E055B3B21F886320091E3CF /* Base */ = {isa = PBXFileReference; lastKnownFileType = file.storyboard; name = Base; path = Base.lproj/Main.storyboard; sourceTree = "<group>"; };
		7E055B3D21F886350091E3CF /* Assets.xcassets */ = {isa = PBXFileReference; lastKnownFileType = folder.assetcatalog; path = Assets.xcassets; sourceTree = "<group>"; };
		7E055B4021F886350091E3CF /* Base */ = {isa = PBXFileReference; lastKnownFileType = file.storyboard; name = Base; path = Base.lproj/LaunchScreen.storyboard; sourceTree = "<group>"; };
		7E055B4221F886350091E3CF /* Info.plist */ = {isa = PBXFileReference; lastKnownFileType = text.plist.xml; path = Info.plist; sourceTree = "<group>"; };
		7E055B4821F8896E0091E3CF /* ColorExtension.swift */ = {isa = PBXFileReference; lastKnownFileType = sourcecode.swift; path = ColorExtension.swift; sourceTree = "<group>"; };
		7E055B4A21F88B050091E3CF /* Constants.swift */ = {isa = PBXFileReference; lastKnownFileType = sourcecode.swift; path = Constants.swift; sourceTree = "<group>"; };
		D926F777916FC503DF9C1C66 /* Pods-StattisticPostProject.release.xcconfig */ = {isa = PBXFileReference; includeInIndex = 1; lastKnownFileType = text.xcconfig; name = "Pods-StattisticPostProject.release.xcconfig"; path = "Pods/Target Support Files/Pods-StattisticPostProject/Pods-StattisticPostProject.release.xcconfig"; sourceTree = "<group>"; };
/* End PBXFileReference section */

/* Begin PBXFrameworksBuildPhase section */
		7E055B3021F886320091E3CF /* Frameworks */ = {
			isa = PBXFrameworksBuildPhase;
			buildActionMask = 2147483647;
			files = (
				582137EC8A398A454862A6A3 /* Pods_StattisticPostProject.framework in Frameworks */,
			);
			runOnlyForDeploymentPostprocessing = 0;
		};
/* End PBXFrameworksBuildPhase section */

/* Begin PBXGroup section */
		7E01119E21F93525008708B4 /* Helpers */ = {
			isa = PBXGroup;
			children = (
				7E01119621F8BA7A008708B4 /* ViewExtension.swift */,
				7E055B4821F8896E0091E3CF /* ColorExtension.swift */,
				7E055B4A21F88B050091E3CF /* Constants.swift */,
			);
			path = Helpers;
			sourceTree = "<group>";
		};
		7E01119F21F93C7C008708B4 /* Views */ = {
			isa = PBXGroup;
			children = (
				7E055B3A21F886320091E3CF /* Main.storyboard */,
				7E055B3F21F886350091E3CF /* LaunchScreen.storyboard */,
				7E01119821F8F5F6008708B4 /* CollectionCell.swift */,
			);
			path = Views;
			sourceTree = "<group>";
		};
		7E0111A021F93CCA008708B4 /* Controller */ = {
			isa = PBXGroup;
			children = (
				7E055B3821F886320091E3CF /* MainViewController.swift */,
			);
			path = Controller;
			sourceTree = "<group>";
		};
		7E0111A121F93CE8008708B4 /* Models */ = {
			isa = PBXGroup;
			children = (
				7E01119A21F8F699008708B4 /* Human.swift */,
			);
			path = Models;
			sourceTree = "<group>";
		};
		7E055B2A21F886320091E3CF = {
			isa = PBXGroup;
			children = (
				7E055B3521F886320091E3CF /* StattisticPostProject */,
				7E055B3421F886320091E3CF /* Products */,
				F21965224FEF776BB815D4D7 /* Pods */,
				7F20F4E76916B35E6B8A45AC /* Frameworks */,
			);
			sourceTree = "<group>";
		};
		7E055B3421F886320091E3CF /* Products */ = {
			isa = PBXGroup;
			children = (
				7E055B3321F886320091E3CF /* StattisticPostProject.app */,
			);
			name = Products;
			sourceTree = "<group>";
		};
		7E055B3521F886320091E3CF /* StattisticPostProject */ = {
			isa = PBXGroup;
			children = (
				7E0111A121F93CE8008708B4 /* Models */,
				7E0111A021F93CCA008708B4 /* Controller */,
				7E01119F21F93C7C008708B4 /* Views */,
				7E01119E21F93525008708B4 /* Helpers */,
				7E055B3621F886320091E3CF /* AppDelegate.swift */,
				7E055B3D21F886350091E3CF /* Assets.xcassets */,
				7E055B4221F886350091E3CF /* Info.plist */,
			);
			path = StattisticPostProject;
			sourceTree = "<group>";
		};
		7F20F4E76916B35E6B8A45AC /* Frameworks */ = {
			isa = PBXGroup;
			children = (
				19F92D52424899826D1B3914 /* Pods_StattisticPostProject.framework */,
			);
			name = Frameworks;
			sourceTree = "<group>";
		};
		F21965224FEF776BB815D4D7 /* Pods */ = {
			isa = PBXGroup;
			children = (
				69F002AE859D2FF00031183A /* Pods-StattisticPostProject.debug.xcconfig */,
				D926F777916FC503DF9C1C66 /* Pods-StattisticPostProject.release.xcconfig */,
			);
			name = Pods;
			sourceTree = "<group>";
		};
/* End PBXGroup section */

/* Begin PBXNativeTarget section */
		7E055B3221F886320091E3CF /* StattisticPostProject */ = {
			isa = PBXNativeTarget;
			buildConfigurationList = 7E055B4521F886350091E3CF /* Build configuration list for PBXNativeTarget "StattisticPostProject" */;
			buildPhases = (
				B424F9E2D84C1D74821920B7 /* [CP] Check Pods Manifest.lock */,
				7E055B2F21F886320091E3CF /* Sources */,
				7E055B3021F886320091E3CF /* Frameworks */,
				7E055B3121F886320091E3CF /* Resources */,
				DC0A8BFAD8432FC0C9EC04BA /* [CP] Embed Pods Frameworks */,
			);
			buildRules = (
			);
			dependencies = (
			);
			name = StattisticPostProject;
			productName = StattisticPostProject;
			productReference = 7E055B3321F886320091E3CF /* StattisticPostProject.app */;
			productType = "com.apple.product-type.application";
		};
/* End PBXNativeTarget section */

/* Begin PBXProject section */
		7E055B2B21F886320091E3CF /* Project object */ = {
			isa = PBXProject;
			attributes = {
				LastSwiftUpdateCheck = 1010;
				LastUpgradeCheck = 1010;
				ORGANIZATIONNAME = "Andrii Pyvovarov";
				TargetAttributes = {
					7E055B3221F886320091E3CF = {
						CreatedOnToolsVersion = 10.1;
					};
				};
			};
			buildConfigurationList = 7E055B2E21F886320091E3CF /* Build configuration list for PBXProject "StattisticPostProject" */;
			compatibilityVersion = "Xcode 9.3";
			developmentRegion = en;
			hasScannedForEncodings = 0;
			knownRegions = (
				en,
				Base,
			);
			mainGroup = 7E055B2A21F886320091E3CF;
			productRefGroup = 7E055B3421F886320091E3CF /* Products */;
			projectDirPath = "";
			projectRoot = "";
			targets = (
				7E055B3221F886320091E3CF /* StattisticPostProject */,
			);
		};
/* End PBXProject section */

/* Begin PBXResourcesBuildPhase section */
		7E055B3121F886320091E3CF /* Resources */ = {
			isa = PBXResourcesBuildPhase;
			buildActionMask = 2147483647;
			files = (
				7E055B4121F886350091E3CF /* LaunchScreen.storyboard in Resources */,
				7E055B3E21F886350091E3CF /* Assets.xcassets in Resources */,
				7E055B3C21F886320091E3CF /* Main.storyboard in Resources */,
			);
			runOnlyForDeploymentPostprocessing = 0;
		};
/* End PBXResourcesBuildPhase section */

/* Begin PBXShellScriptBuildPhase section */
		B424F9E2D84C1D74821920B7 /* [CP] Check Pods Manifest.lock */ = {
			isa = PBXShellScriptBuildPhase;
			buildActionMask = 2147483647;
			files = (
			);
			inputFileListPaths = (
			);
			inputPaths = (
				"${PODS_PODFILE_DIR_PATH}/Podfile.lock",
				"${PODS_ROOT}/Manifest.lock",
			);
			name = "[CP] Check Pods Manifest.lock";
			outputFileListPaths = (
			);
			outputPaths = (
				"$(DERIVED_FILE_DIR)/Pods-StattisticPostProject-checkManifestLockResult.txt",
			);
			runOnlyForDeploymentPostprocessing = 0;
			shellPath = /bin/sh;
			shellScript = "diff \"${PODS_PODFILE_DIR_PATH}/Podfile.lock\" \"${PODS_ROOT}/Manifest.lock\" > /dev/null\nif [ $? != 0 ] ; then\n    # print error to STDERR\n    echo \"error: The sandbox is not in sync with the Podfile.lock. Run 'pod install' or update your CocoaPods installation.\" >&2\n    exit 1\nfi\n# This output is used by Xcode 'outputs' to avoid re-running this script phase.\necho \"SUCCESS\" > \"${SCRIPT_OUTPUT_FILE_0}\"\n";
			showEnvVarsInLog = 0;
		};
		DC0A8BFAD8432FC0C9EC04BA /* [CP] Embed Pods Frameworks */ = {
			isa = PBXShellScriptBuildPhase;
			buildActionMask = 2147483647;
			files = (
			);
			inputFileListPaths = (
			);
			inputPaths = (
				"${SRCROOT}/Pods/Target Support Files/Pods-StattisticPostProject/Pods-StattisticPostProject-frameworks.sh",
				"${BUILT_PRODUCTS_DIR}/Alamofire/Alamofire.framework",
				"${BUILT_PRODUCTS_DIR}/SwiftyJSON/SwiftyJSON.framework",
			);
			name = "[CP] Embed Pods Frameworks";
			outputFileListPaths = (
			);
			outputPaths = (
				"${TARGET_BUILD_DIR}/${FRAMEWORKS_FOLDER_PATH}/Alamofire.framework",
				"${TARGET_BUILD_DIR}/${FRAMEWORKS_FOLDER_PATH}/SwiftyJSON.framework",
			);
			runOnlyForDeploymentPostprocessing = 0;
			shellPath = /bin/sh;
			shellScript = "\"${SRCROOT}/Pods/Target Support Files/Pods-StattisticPostProject/Pods-StattisticPostProject-frameworks.sh\"\n";
			showEnvVarsInLog = 0;
		};
/* End PBXShellScriptBuildPhase section */

/* Begin PBXSourcesBuildPhase section */
		7E055B2F21F886320091E3CF /* Sources */ = {
			isa = PBXSourcesBuildPhase;
			buildActionMask = 2147483647;
			files = (
				7E01119721F8BA7A008708B4 /* ViewExtension.swift in Sources */,
				7E055B4921F8896E0091E3CF /* ColorExtension.swift in Sources */,
				7E055B3921F886320091E3CF /* MainViewController.swift in Sources */,
				7E01119921F8F5F6008708B4 /* CollectionCell.swift in Sources */,
				7E055B3721F886320091E3CF /* AppDelegate.swift in Sources */,
				7E055B4B21F88B050091E3CF /* Constants.swift in Sources */,
				7E01119B21F8F699008708B4 /* Human.swift in Sources */,
			);
			runOnlyForDeploymentPostprocessing = 0;
		};
/* End PBXSourcesBuildPhase section */

/* Begin PBXVariantGroup section */
		7E055B3A21F886320091E3CF /* Main.storyboard */ = {
			isa = PBXVariantGroup;
			children = (
				7E055B3B21F886320091E3CF /* Base */,
			);
			name = Main.storyboard;
			sourceTree = "<group>";
		};
		7E055B3F21F886350091E3CF /* LaunchScreen.storyboard */ = {
			isa = PBXVariantGroup;
			children = (
				7E055B4021F886350091E3CF /* Base */,
			);
			name = LaunchScreen.storyboard;
			sourceTree = "<group>";
		};
/* End PBXVariantGroup section */

/* Begin XCBuildConfiguration section */
		7E055B4321F886350091E3CF /* Debug */ = {
			isa = XCBuildConfiguration;
			buildSettings = {
				ALWAYS_SEARCH_USER_PATHS = NO;
				CLANG_ANALYZER_NONNULL = YES;
				CLANG_ANALYZER_NUMBER_OBJECT_CONVERSION = YES_AGGRESSIVE;
				CLANG_CXX_LANGUAGE_STANDARD = "gnu++14";
				CLANG_CXX_LIBRARY = "libc++";
				CLANG_ENABLE_MODULES = YES;
				CLANG_ENABLE_OBJC_ARC = YES;
				CLANG_ENABLE_OBJC_WEAK = YES;
				CLANG_WARN_BLOCK_CAPTURE_AUTORELEASING = YES;
				CLANG_WARN_BOOL_CONVERSION = YES;
				CLANG_WARN_COMMA = YES;
				CLANG_WARN_CONSTANT_CONVERSION = YES;
				CLANG_WARN_DEPRECATED_OBJC_IMPLEMENTATIONS = YES;
				CLANG_WARN_DIRECT_OBJC_ISA_USAGE = YES_ERROR;
				CLANG_WARN_DOCUMENTATION_COMMENTS = YES;
				CLANG_WARN_EMPTY_BODY = YES;
				CLANG_WARN_ENUM_CONVERSION = YES;
				CLANG_WARN_INFINITE_RECURSION = YES;
				CLANG_WARN_INT_CONVERSION = YES;
				CLANG_WARN_NON_LITERAL_NULL_CONVERSION = YES;
				CLANG_WARN_OBJC_IMPLICIT_RETAIN_SELF = YES;
				CLANG_WARN_OBJC_LITERAL_CONVERSION = YES;
				CLANG_WARN_OBJC_ROOT_CLASS = YES_ERROR;
				CLANG_WARN_RANGE_LOOP_ANALYSIS = YES;
				CLANG_WARN_STRICT_PROTOTYPES = YES;
				CLANG_WARN_SUSPICIOUS_MOVE = YES;
				CLANG_WARN_UNGUARDED_AVAILABILITY = YES_AGGRESSIVE;
				CLANG_WARN_UNREACHABLE_CODE = YES;
				CLANG_WARN__DUPLICATE_METHOD_MATCH = YES;
				CODE_SIGN_IDENTITY = "iPhone Developer";
				COPY_PHASE_STRIP = NO;
				DEBUG_INFORMATION_FORMAT = dwarf;
				ENABLE_STRICT_OBJC_MSGSEND = YES;
				ENABLE_TESTABILITY = YES;
				GCC_C_LANGUAGE_STANDARD = gnu11;
				GCC_DYNAMIC_NO_PIC = NO;
				GCC_NO_COMMON_BLOCKS = YES;
				GCC_OPTIMIZATION_LEVEL = 0;
				GCC_PREPROCESSOR_DEFINITIONS = (
					"DEBUG=1",
					"$(inherited)",
				);
				GCC_WARN_64_TO_32_BIT_CONVERSION = YES;
				GCC_WARN_ABOUT_RETURN_TYPE = YES_ERROR;
				GCC_WARN_UNDECLARED_SELECTOR = YES;
				GCC_WARN_UNINITIALIZED_AUTOS = YES_AGGRESSIVE;
				GCC_WARN_UNUSED_FUNCTION = YES;
				GCC_WARN_UNUSED_VARIABLE = YES;
				IPHONEOS_DEPLOYMENT_TARGET = 12.1;
				MTL_ENABLE_DEBUG_INFO = INCLUDE_SOURCE;
				MTL_FAST_MATH = YES;
				ONLY_ACTIVE_ARCH = YES;
				SDKROOT = iphoneos;
				SWIFT_ACTIVE_COMPILATION_CONDITIONS = DEBUG;
				SWIFT_OPTIMIZATION_LEVEL = "-Onone";
			};
			name = Debug;
		};
		7E055B4421F886350091E3CF /* Release */ = {
			isa = XCBuildConfiguration;
			buildSettings = {
				ALWAYS_SEARCH_USER_PATHS = NO;
				CLANG_ANALYZER_NONNULL = YES;
				CLANG_ANALYZER_NUMBER_OBJECT_CONVERSION = YES_AGGRESSIVE;
				CLANG_CXX_LANGUAGE_STANDARD = "gnu++14";
				CLANG_CXX_LIBRARY = "libc++";
				CLANG_ENABLE_MODULES = YES;
				CLANG_ENABLE_OBJC_ARC = YES;
				CLANG_ENABLE_OBJC_WEAK = YES;
				CLANG_WARN_BLOCK_CAPTURE_AUTORELEASING = YES;
				CLANG_WARN_BOOL_CONVERSION = YES;
				CLANG_WARN_COMMA = YES;
				CLANG_WARN_CONSTANT_CONVERSION = YES;
				CLANG_WARN_DEPRECATED_OBJC_IMPLEMENTATIONS = YES;
				CLANG_WARN_DIRECT_OBJC_ISA_USAGE = YES_ERROR;
				CLANG_WARN_DOCUMENTATION_COMMENTS = YES;
				CLANG_WARN_EMPTY_BODY = YES;
				CLANG_WARN_ENUM_CONVERSION = YES;
				CLANG_WARN_INFINITE_RECURSION = YES;
				CLANG_WARN_INT_CONVERSION = YES;
				CLANG_WARN_NON_LITERAL_NULL_CONVERSION = YES;
				CLANG_WARN_OBJC_IMPLICIT_RETAIN_SELF = YES;
				CLANG_WARN_OBJC_LITERAL_CONVERSION = YES;
				CLANG_WARN_OBJC_ROOT_CLASS = YES_ERROR;
				CLANG_WARN_RANGE_LOOP_ANALYSIS = YES;
				CLANG_WARN_STRICT_PROTOTYPES = YES;
				CLANG_WARN_SUSPICIOUS_MOVE = YES;
				CLANG_WARN_UNGUARDED_AVAILABILITY = YES_AGGRESSIVE;
				CLANG_WARN_UNREACHABLE_CODE = YES;
				CLANG_WARN__DUPLICATE_METHOD_MATCH = YES;
				CODE_SIGN_IDENTITY = "iPhone Developer";
				COPY_PHASE_STRIP = NO;
				DEBUG_INFORMATION_FORMAT = "dwarf-with-dsym";
				ENABLE_NS_ASSERTIONS = NO;
				ENABLE_STRICT_OBJC_MSGSEND = YES;
				GCC_C_LANGUAGE_STANDARD = gnu11;
				GCC_NO_COMMON_BLOCKS = YES;
				GCC_WARN_64_TO_32_BIT_CONVERSION = YES;
				GCC_WARN_ABOUT_RETURN_TYPE = YES_ERROR;
				GCC_WARN_UNDECLARED_SELECTOR = YES;
				GCC_WARN_UNINITIALIZED_AUTOS = YES_AGGRESSIVE;
				GCC_WARN_UNUSED_FUNCTION = YES;
				GCC_WARN_UNUSED_VARIABLE = YES;
				IPHONEOS_DEPLOYMENT_TARGET = 12.1;
				MTL_ENABLE_DEBUG_INFO = NO;
				MTL_FAST_MATH = YES;
				SDKROOT = iphoneos;
				SWIFT_COMPILATION_MODE = wholemodule;
				SWIFT_OPTIMIZATION_LEVEL = "-O";
				VALIDATE_PRODUCT = YES;
			};
			name = Release;
		};
		7E055B4621F886350091E3CF /* Debug */ = {
			isa = XCBuildConfiguration;
			baseConfigurationReference = 69F002AE859D2FF00031183A /* Pods-StattisticPostProject.debug.xcconfig */;
			buildSettings = {
				ASSETCATALOG_COMPILER_APPICON_NAME = AppIcon;
				CODE_SIGN_STYLE = Automatic;
				INFOPLIST_FILE = StattisticPostProject/Info.plist;
				LD_RUNPATH_SEARCH_PATHS = (
					"$(inherited)",
					"@executable_path/Frameworks",
				);
				PRODUCT_BUNDLE_IDENTIFIER = com.RSSReader.StattisticPostProject;
				PRODUCT_NAME = "$(TARGET_NAME)";
				SWIFT_VERSION = 4.2;
				TARGETED_DEVICE_FAMILY = "1,2";
			};
			name = Debug;
		};
		7E055B4721F886350091E3CF /* Release */ = {
			isa = XCBuildConfiguration;
			baseConfigurationReference = D926F777916FC503DF9C1C66 /* Pods-StattisticPostProject.release.xcconfig */;
			buildSettings = {
				ASSETCATALOG_COMPILER_APPICON_NAME = AppIcon;
				CODE_SIGN_STYLE = Automatic;
				INFOPLIST_FILE = StattisticPostProject/Info.plist;
				LD_RUNPATH_SEARCH_PATHS = (
					"$(inherited)",
					"@executable_path/Frameworks",
				);
				PRODUCT_BUNDLE_IDENTIFIER = com.RSSReader.StattisticPostProject;
				PRODUCT_NAME = "$(TARGET_NAME)";
				SWIFT_VERSION = 4.2;
				TARGETED_DEVICE_FAMILY = "1,2";
			};
			name = Release;
		};
/* End XCBuildConfiguration section */

/* Begin XCConfigurationList section */
		7E055B2E21F886320091E3CF /* Build configuration list for PBXProject "StattisticPostProject" */ = {
			isa = XCConfigurationList;
			buildConfigurations = (
				7E055B4321F886350091E3CF /* Debug */,
				7E055B4421F886350091E3CF /* Release */,
			);
			defaultConfigurationIsVisible = 0;
			defaultConfigurationName = Release;
		};
		7E055B4521F886350091E3CF /* Build configuration list for PBXNativeTarget "StattisticPostProject" */ = {
			isa = XCConfigurationList;
			buildConfigurations = (
				7E055B4621F886350091E3CF /* Debug */,
				7E055B4721F886350091E3CF /* Release */,
			);
			defaultConfigurationIsVisible = 0;
			defaultConfigurationName = Release;
		};
/* End XCConfigurationList section */
	};
	rootObject = 7E055B2B21F886320091E3CF /* Project object */;
}
